
Microsoft Visual Studio Solution File, Format Version 12.00
# Visual Studio 2012
Project("{FAE04EC0-301F-11D3-BF4B-00C04F79EFBC}") = "Session2_2", "Session2_2\Session2_2.csproj", "{80B0737A-EA2D-46F2-AF67-08B3925742DC}"
EndProject
Global
	GlobalSection(SolutionConfigurationPlatforms) = preSolution
		Debug|x86 = Debug|x86
		Release|x86 = Release|x86
	EndGlobalSection
	GlobalSection(ProjectConfigurationPlatforms) = postSolution
		{80B0737A-EA2D-46F2-AF67-08B3925742DC}.Debug|x86.ActiveCfg = Debug|x86
		{80B0737A-EA2D-46F2-AF67-08B3925742DC}.Debug|x86.Build.0 = Debug|x86
		{80B0737A-EA2D-46F2-AF67-08B3925742DC}.Release|x86.ActiveCfg = Release|x86
		{80B0737A-EA2D-46F2-AF67-08B3925742DC}.Release|x86.Build.0 = Release|x86
	EndGlobalSection
EndGlobal
